
Microsoft Visual Studio Solution File, Format Version 12.00
# Visual Studio 2013
VisualStudioVersion = 12.0.40629.0
MinimumVisualStudioVersion = 10.0.40219.1
Project("{FAE04EC0-301F-11D3-BF4B-00C04F79EFBC}") = "Barroc IT", "Barroc IT\Barroc IT.csproj", "{FEC6B518-EA67-4FF4-AD0B-587311335A5D}"
EndProject
Project("{2150E333-8FDC-42A3-9474-1A3956D46DE8}") = "Solution Items", "Solution Items", "{BC79E190-7D2B-4C00-BD7D-0B4C314EF8E1}"
EndProject
Global
	GlobalSection(SolutionConfigurationPlatforms) = preSolution
		Debug|Any CPU = Debug|Any CPU
		Release|Any CPU = Release|Any CPU
	EndGlobalSection
	GlobalSection(ProjectConfigurationPlatforms) = postSolution
		{FEC6B518-EA67-4FF4-AD0B-587311335A5D}.Debug|Any CPU.ActiveCfg = Debug|Any CPU
		{FEC6B518-EA67-4FF4-AD0B-587311335A5D}.Debug|Any CPU.Build.0 = Debug|Any CPU
		{FEC6B518-EA67-4FF4-AD0B-587311335A5D}.Release|Any CPU.ActiveCfg = Release|Any CPU
		{FEC6B518-EA67-4FF4-AD0B-587311335A5D}.Release|Any CPU.Build.0 = Release|Any CPU
	EndGlobalSection
	GlobalSection(SolutionProperties) = preSolution
		HideSolutionNode = FALSE
	EndGlobalSection
EndGlobal
